
Microsoft Visual Studio Solution File, Format Version 12.00
# Visual Studio Version 16
VisualStudioVersion = 16.0.31005.135
MinimumVisualStudioVersion = 10.0.40219.1
Project("{9A19103F-16F7-4668-BE54-9A1E7A4F7556}") = "BilHub", "BilHub.csproj", "{3F0E3379-DFDC-45B4-A517-61429F4E45EE}"
EndProject
Global
	GlobalSection(SolutionConfigurationPlatforms) = preSolution
		Debug|Any CPU = Debug|Any CPU
		Release|Any CPU = Release|Any CPU
	EndGlobalSection
	GlobalSection(ProjectConfigurationPlatforms) = postSolution
		{3F0E3379-DFDC-45B4-A517-61429F4E45EE}.Debug|Any CPU.ActiveCfg = Debug|Any CPU
		{3F0E3379-DFDC-45B4-A517-61429F4E45EE}.Debug|Any CPU.Build.0 = Debug|Any CPU
		{3F0E3379-DFDC-45B4-A517-61429F4E45EE}.Release|Any CPU.ActiveCfg = Release|Any CPU
		{3F0E3379-DFDC-45B4-A517-61429F4E45EE}.Release|Any CPU.Build.0 = Release|Any CPU
	EndGlobalSection
	GlobalSection(SolutionProperties) = preSolution
		HideSolutionNode = FALSE
	EndGlobalSection
	GlobalSection(ExtensibilityGlobals) = postSolution
		SolutionGuid = {88514F16-521E-49BC-B176-52CD80DC8544}
	EndGlobalSection
EndGlobal
