
Microsoft Visual Studio Solution File, Format Version 12.00
# Visual Studio 15
VisualStudioVersion = 15.0.26124.0
MinimumVisualStudioVersion = 15.0.26124.0
Project("{FAE04EC0-301F-11D3-BF4B-00C04F79EFBC}") = "BilHub.Api", "BilHub.Api\BilHub.Api.csproj", "{46C3342D-9F19-4855-9FD3-AE99F88378E8}"
EndProject
Project("{FAE04EC0-301F-11D3-BF4B-00C04F79EFBC}") = "BilHub.Core", "BilHub.Core\BilHub.Core.csproj", "{7859E967-3825-48AD-A76D-638A52107415}"
EndProject
Project("{FAE04EC0-301F-11D3-BF4B-00C04F79EFBC}") = "BilHub.Services", "BilHub.Services\BilHub.Services.csproj", "{4837209E-2D48-4052-A30F-C29C5C24A8C6}"
EndProject
Project("{FAE04EC0-301F-11D3-BF4B-00C04F79EFBC}") = "BilHub.Data", "BilHub.Data\BilHub.Data.csproj", "{D21D929C-DB5B-4B42-A7CE-9E7970DF8B0E}"
EndProject
Global
	GlobalSection(SolutionConfigurationPlatforms) = preSolution
		Debug|Any CPU = Debug|Any CPU
		Debug|x64 = Debug|x64
		Debug|x86 = Debug|x86
		Release|Any CPU = Release|Any CPU
		Release|x64 = Release|x64
		Release|x86 = Release|x86
	EndGlobalSection
	GlobalSection(SolutionProperties) = preSolution
		HideSolutionNode = FALSE
	EndGlobalSection
	GlobalSection(ProjectConfigurationPlatforms) = postSolution
		{46C3342D-9F19-4855-9FD3-AE99F88378E8}.Debug|Any CPU.ActiveCfg = Debug|Any CPU
		{46C3342D-9F19-4855-9FD3-AE99F88378E8}.Debug|Any CPU.Build.0 = Debug|Any CPU
		{46C3342D-9F19-4855-9FD3-AE99F88378E8}.Debug|x64.ActiveCfg = Debug|Any CPU
		{46C3342D-9F19-4855-9FD3-AE99F88378E8}.Debug|x64.Build.0 = Debug|Any CPU
		{46C3342D-9F19-4855-9FD3-AE99F88378E8}.Debug|x86.ActiveCfg = Debug|Any CPU
		{46C3342D-9F19-4855-9FD3-AE99F88378E8}.Debug|x86.Build.0 = Debug|Any CPU
		{46C3342D-9F19-4855-9FD3-AE99F88378E8}.Release|Any CPU.ActiveCfg = Release|Any CPU
		{46C3342D-9F19-4855-9FD3-AE99F88378E8}.Release|Any CPU.Build.0 = Release|Any CPU
		{46C3342D-9F19-4855-9FD3-AE99F88378E8}.Release|x64.ActiveCfg = Release|Any CPU
		{46C3342D-9F19-4855-9FD3-AE99F88378E8}.Release|x64.Build.0 = Release|Any CPU
		{46C3342D-9F19-4855-9FD3-AE99F88378E8}.Release|x86.ActiveCfg = Release|Any CPU
		{46C3342D-9F19-4855-9FD3-AE99F88378E8}.Release|x86.Build.0 = Release|Any CPU
		{7859E967-3825-48AD-A76D-638A52107415}.Debug|Any CPU.ActiveCfg = Debug|Any CPU
		{7859E967-3825-48AD-A76D-638A52107415}.Debug|Any CPU.Build.0 = Debug|Any CPU
		{7859E967-3825-48AD-A76D-638A52107415}.Debug|x64.ActiveCfg = Debug|Any CPU
		{7859E967-3825-48AD-A76D-638A52107415}.Debug|x64.Build.0 = Debug|Any CPU
		{7859E967-3825-48AD-A76D-638A52107415}.Debug|x86.ActiveCfg = Debug|Any CPU
		{7859E967-3825-48AD-A76D-638A52107415}.Debug|x86.Build.0 = Debug|Any CPU
		{7859E967-3825-48AD-A76D-638A52107415}.Release|Any CPU.ActiveCfg = Release|Any CPU
		{7859E967-3825-48AD-A76D-638A52107415}.Release|Any CPU.Build.0 = Release|Any CPU
		{7859E967-3825-48AD-A76D-638A52107415}.Release|x64.ActiveCfg = Release|Any CPU
		{7859E967-3825-48AD-A76D-638A52107415}.Release|x64.Build.0 = Release|Any CPU
		{7859E967-3825-48AD-A76D-638A52107415}.Release|x86.ActiveCfg = Release|Any CPU
		{7859E967-3825-48AD-A76D-638A52107415}.Release|x86.Build.0 = Release|Any CPU
		{4837209E-2D48-4052-A30F-C29C5C24A8C6}.Debug|Any CPU.ActiveCfg = Debug|Any CPU
		{4837209E-2D48-4052-A30F-C29C5C24A8C6}.Debug|Any CPU.Build.0 = Debug|Any CPU
		{4837209E-2D48-4052-A30F-C29C5C24A8C6}.Debug|x64.ActiveCfg = Debug|Any CPU
		{4837209E-2D48-4052-A30F-C29C5C24A8C6}.Debug|x64.Build.0 = Debug|Any CPU
		{4837209E-2D48-4052-A30F-C29C5C24A8C6}.Debug|x86.ActiveCfg = Debug|Any CPU
		{4837209E-2D48-4052-A30F-C29C5C24A8C6}.Debug|x86.Build.0 = Debug|Any CPU
		{4837209E-2D48-4052-A30F-C29C5C24A8C6}.Release|Any CPU.ActiveCfg = Release|Any CPU
		{4837209E-2D48-4052-A30F-C29C5C24A8C6}.Release|Any CPU.Build.0 = Release|Any CPU
		{4837209E-2D48-4052-A30F-C29C5C24A8C6}.Release|x64.ActiveCfg = Release|Any CPU
		{4837209E-2D48-4052-A30F-C29C5C24A8C6}.Release|x64.Build.0 = Release|Any CPU
		{4837209E-2D48-4052-A30F-C29C5C24A8C6}.Release|x86.ActiveCfg = Release|Any CPU
		{4837209E-2D48-4052-A30F-C29C5C24A8C6}.Release|x86.Build.0 = Release|Any CPU
		{D21D929C-DB5B-4B42-A7CE-9E7970DF8B0E}.Debug|Any CPU.ActiveCfg = Debug|Any CPU
		{D21D929C-DB5B-4B42-A7CE-9E7970DF8B0E}.Debug|Any CPU.Build.0 = Debug|Any CPU
		{D21D929C-DB5B-4B42-A7CE-9E7970DF8B0E}.Debug|x64.ActiveCfg = Debug|Any CPU
		{D21D929C-DB5B-4B42-A7CE-9E7970DF8B0E}.Debug|x64.Build.0 = Debug|Any CPU
		{D21D929C-DB5B-4B42-A7CE-9E7970DF8B0E}.Debug|x86.ActiveCfg = Debug|Any CPU
		{D21D929C-DB5B-4B42-A7CE-9E7970DF8B0E}.Debug|x86.Build.0 = Debug|Any CPU
		{D21D929C-DB5B-4B42-A7CE-9E7970DF8B0E}.Release|Any CPU.ActiveCfg = Release|Any CPU
		{D21D929C-DB5B-4B42-A7CE-9E7970DF8B0E}.Release|Any CPU.Build.0 = Release|Any CPU
		{D21D929C-DB5B-4B42-A7CE-9E7970DF8B0E}.Release|x64.ActiveCfg = Release|Any CPU
		{D21D929C-DB5B-4B42-A7CE-9E7970DF8B0E}.Release|x64.Build.0 = Release|Any CPU
		{D21D929C-DB5B-4B42-A7CE-9E7970DF8B0E}.Release|x86.ActiveCfg = Release|Any CPU
		{D21D929C-DB5B-4B42-A7CE-9E7970DF8B0E}.Release|x86.Build.0 = Release|Any CPU
	EndGlobalSection
EndGlobal
